
Microsoft Visual Studio Solution File, Format Version 12.00
# Visual Studio Version 16
VisualStudioVersion = 16.0.36324.18
MinimumVisualStudioVersion = 10.0.40219.1
Project("{FAE04EC0-301F-11D3-BF4B-00C04F79EFBC}") = "Capa_vista", "Capa_vista\Capa_vista.csproj", "{40975A7C-9864-4695-BD75-F5BC616CE198}"
EndProject
Project("{FAE04EC0-301F-11D3-BF4B-00C04F79EFBC}") = "Capa_controlador", "Capa_controlador\Capa_controlador.csproj", "{CF91490A-85A0-47A2-A1DD-B654E22E2660}"
EndProject
Project("{FAE04EC0-301F-11D3-BF4B-00C04F79EFBC}") = "Capa_modelo", "Capa_modelo\Capa_modelo.csproj", "{D106E3F7-92C8-45AB-BA1E-025A023BD58A}"
EndProject
Global
	GlobalSection(SolutionConfigurationPlatforms) = preSolution
		Debug|Any CPU = Debug|Any CPU
		Release|Any CPU = Release|Any CPU
	EndGlobalSection
	GlobalSection(ProjectConfigurationPlatforms) = postSolution
		{40975A7C-9864-4695-BD75-F5BC616CE198}.Debug|Any CPU.ActiveCfg = Debug|Any CPU
		{40975A7C-9864-4695-BD75-F5BC616CE198}.Debug|Any CPU.Build.0 = Debug|Any CPU
		{40975A7C-9864-4695-BD75-F5BC616CE198}.Release|Any CPU.ActiveCfg = Release|Any CPU
		{40975A7C-9864-4695-BD75-F5BC616CE198}.Release|Any CPU.Build.0 = Release|Any CPU
		{CF91490A-85A0-47A2-A1DD-B654E22E2660}.Debug|Any CPU.ActiveCfg = Debug|Any CPU
		{CF91490A-85A0-47A2-A1DD-B654E22E2660}.Debug|Any CPU.Build.0 = Debug|Any CPU
		{CF91490A-85A0-47A2-A1DD-B654E22E2660}.Release|Any CPU.ActiveCfg = Release|Any CPU
		{CF91490A-85A0-47A2-A1DD-B654E22E2660}.Release|Any CPU.Build.0 = Release|Any CPU
		{D106E3F7-92C8-45AB-BA1E-025A023BD58A}.Debug|Any CPU.ActiveCfg = Debug|Any CPU
		{D106E3F7-92C8-45AB-BA1E-025A023BD58A}.Debug|Any CPU.Build.0 = Debug|Any CPU
		{D106E3F7-92C8-45AB-BA1E-025A023BD58A}.Release|Any CPU.ActiveCfg = Release|Any CPU
		{D106E3F7-92C8-45AB-BA1E-025A023BD58A}.Release|Any CPU.Build.0 = Release|Any CPU
	EndGlobalSection
	GlobalSection(SolutionProperties) = preSolution
		HideSolutionNode = FALSE
	EndGlobalSection
	GlobalSection(ExtensibilityGlobals) = postSolution
		SolutionGuid = {D11225A6-FD5C-43E3-835D-062A588B4320}
	EndGlobalSection
EndGlobal
